
Microsoft Visual Studio Solution File, Format Version 12.00
# Visual Studio 14
VisualStudioVersion = 14.0.25420.1
MinimumVisualStudioVersion = 10.0.40219.1
Project("{FAE04EC0-301F-11D3-BF4B-00C04F79EFBC}") = "Entity FW", "Entity FW\Entity FW.csproj", "{31DFC1F3-B572-4B36-83B0-77384F20407D}"
EndProject
Project("{FAE04EC0-301F-11D3-BF4B-00C04F79EFBC}") = "Fina DB Test Insert From Excel", "Fina DB Test Insert From Excel\Fina DB Test Insert From Excel.csproj", "{5323229D-58EA-47DA-8649-77C331536D61}"
EndProject
Global
	GlobalSection(SolutionConfigurationPlatforms) = preSolution
		Debug|Any CPU = Debug|Any CPU
		Release|Any CPU = Release|Any CPU
	EndGlobalSection
	GlobalSection(ProjectConfigurationPlatforms) = postSolution
		{31DFC1F3-B572-4B36-83B0-77384F20407D}.Debug|Any CPU.ActiveCfg = Debug|Any CPU
		{31DFC1F3-B572-4B36-83B0-77384F20407D}.Debug|Any CPU.Build.0 = Debug|Any CPU
		{31DFC1F3-B572-4B36-83B0-77384F20407D}.Release|Any CPU.ActiveCfg = Release|Any CPU
		{31DFC1F3-B572-4B36-83B0-77384F20407D}.Release|Any CPU.Build.0 = Release|Any CPU
		{5323229D-58EA-47DA-8649-77C331536D61}.Debug|Any CPU.ActiveCfg = Debug|Any CPU
		{5323229D-58EA-47DA-8649-77C331536D61}.Debug|Any CPU.Build.0 = Debug|Any CPU
		{5323229D-58EA-47DA-8649-77C331536D61}.Release|Any CPU.ActiveCfg = Release|Any CPU
		{5323229D-58EA-47DA-8649-77C331536D61}.Release|Any CPU.Build.0 = Release|Any CPU
	EndGlobalSection
	GlobalSection(SolutionProperties) = preSolution
		HideSolutionNode = FALSE
	EndGlobalSection
EndGlobal
