
Microsoft Visual Studio Solution File, Format Version 12.00
# Visual Studio 14
VisualStudioVersion = 14.0.25420.1
MinimumVisualStudioVersion = 10.0.40219.1
Project("{FAE04EC0-301F-11D3-BF4B-00C04F79EFBC}") = "BePositive", "..\..\Html\BePositive\BePositive.csproj", "{7938898B-CB91-490E-AAD2-5A1CAAD5AE2A}"
EndProject
Project("{FAE04EC0-301F-11D3-BF4B-00C04F79EFBC}") = "SequenceOfCommands", "..\..\SequenceOfCommands\SequenceOfCommands.csproj", "{E8C10E11-63FD-430F-832D-43AB197EA471}"
EndProject
Project("{FAE04EC0-301F-11D3-BF4B-00C04F79EFBC}") = "InstructionSet", "InstructionSet\InstructionSet.csproj", "{78B10DD3-75EB-4360-AA15-F3094ADD2BE1}"
EndProject
Global
	GlobalSection(SolutionConfigurationPlatforms) = preSolution
		Debug|Any CPU = Debug|Any CPU
		Release|Any CPU = Release|Any CPU
	EndGlobalSection
	GlobalSection(ProjectConfigurationPlatforms) = postSolution
		{7938898B-CB91-490E-AAD2-5A1CAAD5AE2A}.Debug|Any CPU.ActiveCfg = Debug|Any CPU
		{7938898B-CB91-490E-AAD2-5A1CAAD5AE2A}.Debug|Any CPU.Build.0 = Debug|Any CPU
		{7938898B-CB91-490E-AAD2-5A1CAAD5AE2A}.Release|Any CPU.ActiveCfg = Release|Any CPU
		{7938898B-CB91-490E-AAD2-5A1CAAD5AE2A}.Release|Any CPU.Build.0 = Release|Any CPU
		{E8C10E11-63FD-430F-832D-43AB197EA471}.Debug|Any CPU.ActiveCfg = Debug|Any CPU
		{E8C10E11-63FD-430F-832D-43AB197EA471}.Debug|Any CPU.Build.0 = Debug|Any CPU
		{E8C10E11-63FD-430F-832D-43AB197EA471}.Release|Any CPU.ActiveCfg = Release|Any CPU
		{E8C10E11-63FD-430F-832D-43AB197EA471}.Release|Any CPU.Build.0 = Release|Any CPU
		{78B10DD3-75EB-4360-AA15-F3094ADD2BE1}.Debug|Any CPU.ActiveCfg = Debug|Any CPU
		{78B10DD3-75EB-4360-AA15-F3094ADD2BE1}.Debug|Any CPU.Build.0 = Debug|Any CPU
		{78B10DD3-75EB-4360-AA15-F3094ADD2BE1}.Release|Any CPU.ActiveCfg = Release|Any CPU
		{78B10DD3-75EB-4360-AA15-F3094ADD2BE1}.Release|Any CPU.Build.0 = Release|Any CPU
	EndGlobalSection
	GlobalSection(SolutionProperties) = preSolution
		HideSolutionNode = FALSE
	EndGlobalSection
EndGlobal
