
Microsoft Visual Studio Solution File, Format Version 12.00
# Visual Studio 15
VisualStudioVersion = 15.0.27004.2002
MinimumVisualStudioVersion = 10.0.40219.1
Project("{FAE04EC0-301F-11D3-BF4B-00C04F79EFBC}") = "just a test", "just a test\just a test.csproj", "{6644CC39-9A81-432A-9A1A-23D5E5E46739}"
EndProject
Project("{FAE04EC0-301F-11D3-BF4B-00C04F79EFBC}") = "Dynamic Array", "Dynamic Array\Dynamic Array.csproj", "{6A8F6B7B-E963-4229-B5E7-C5214B531F89}"
EndProject
Project("{FAE04EC0-301F-11D3-BF4B-00C04F79EFBC}") = "Left Rotation", "Left Rotation\Left Rotation.csproj", "{E10B9B93-13C0-42FC-AE9B-C419F527F592}"
EndProject
Project("{FAE04EC0-301F-11D3-BF4B-00C04F79EFBC}") = "The Crazy Helix", "The Crazy Helix\The Crazy Helix.csproj", "{CA0DCBF7-39A0-4435-A840-7D0727D344D1}"
EndProject
Project("{FAE04EC0-301F-11D3-BF4B-00C04F79EFBC}") = "Conditional Statements", "Conditional Statements\Conditional Statements.csproj", "{90C8EBFB-E1C6-430C-A454-ECB978DD6DF9}"
EndProject
Project("{FAE04EC0-301F-11D3-BF4B-00C04F79EFBC}") = "Sets and Dictionaries", "Sets and Dictionaries\Sets and Dictionaries.csproj", "{779CA7E3-F9E1-49A6-8AEB-AAD131A363AE}"
EndProject
Project("{FAE04EC0-301F-11D3-BF4B-00C04F79EFBC}") = "RegularExpressions", "RegularExpressions\RegularExpressions.csproj", "{78BD3E14-3BBB-440A-A10B-C457780DA19D}"
EndProject
Global
	GlobalSection(SolutionConfigurationPlatforms) = preSolution
		Debug|Any CPU = Debug|Any CPU
		Debug|x64 = Debug|x64
		Debug|x86 = Debug|x86
		Release|Any CPU = Release|Any CPU
		Release|x64 = Release|x64
		Release|x86 = Release|x86
	EndGlobalSection
	GlobalSection(ProjectConfigurationPlatforms) = postSolution
		{6644CC39-9A81-432A-9A1A-23D5E5E46739}.Debug|Any CPU.ActiveCfg = Debug|Any CPU
		{6644CC39-9A81-432A-9A1A-23D5E5E46739}.Debug|Any CPU.Build.0 = Debug|Any CPU
		{6644CC39-9A81-432A-9A1A-23D5E5E46739}.Debug|x64.ActiveCfg = Debug|Any CPU
		{6644CC39-9A81-432A-9A1A-23D5E5E46739}.Debug|x64.Build.0 = Debug|Any CPU
		{6644CC39-9A81-432A-9A1A-23D5E5E46739}.Debug|x86.ActiveCfg = Debug|Any CPU
		{6644CC39-9A81-432A-9A1A-23D5E5E46739}.Debug|x86.Build.0 = Debug|Any CPU
		{6644CC39-9A81-432A-9A1A-23D5E5E46739}.Release|Any CPU.ActiveCfg = Release|Any CPU
		{6644CC39-9A81-432A-9A1A-23D5E5E46739}.Release|Any CPU.Build.0 = Release|Any CPU
		{6644CC39-9A81-432A-9A1A-23D5E5E46739}.Release|x64.ActiveCfg = Release|Any CPU
		{6644CC39-9A81-432A-9A1A-23D5E5E46739}.Release|x64.Build.0 = Release|Any CPU
		{6644CC39-9A81-432A-9A1A-23D5E5E46739}.Release|x86.ActiveCfg = Release|Any CPU
		{6644CC39-9A81-432A-9A1A-23D5E5E46739}.Release|x86.Build.0 = Release|Any CPU
		{6A8F6B7B-E963-4229-B5E7-C5214B531F89}.Debug|Any CPU.ActiveCfg = Debug|Any CPU
		{6A8F6B7B-E963-4229-B5E7-C5214B531F89}.Debug|Any CPU.Build.0 = Debug|Any CPU
		{6A8F6B7B-E963-4229-B5E7-C5214B531F89}.Debug|x64.ActiveCfg = Debug|Any CPU
		{6A8F6B7B-E963-4229-B5E7-C5214B531F89}.Debug|x64.Build.0 = Debug|Any CPU
		{6A8F6B7B-E963-4229-B5E7-C5214B531F89}.Debug|x86.ActiveCfg = Debug|Any CPU
		{6A8F6B7B-E963-4229-B5E7-C5214B531F89}.Debug|x86.Build.0 = Debug|Any CPU
		{6A8F6B7B-E963-4229-B5E7-C5214B531F89}.Release|Any CPU.ActiveCfg = Release|Any CPU
		{6A8F6B7B-E963-4229-B5E7-C5214B531F89}.Release|Any CPU.Build.0 = Release|Any CPU
		{6A8F6B7B-E963-4229-B5E7-C5214B531F89}.Release|x64.ActiveCfg = Release|Any CPU
		{6A8F6B7B-E963-4229-B5E7-C5214B531F89}.Release|x64.Build.0 = Release|Any CPU
		{6A8F6B7B-E963-4229-B5E7-C5214B531F89}.Release|x86.ActiveCfg = Release|Any CPU
		{6A8F6B7B-E963-4229-B5E7-C5214B531F89}.Release|x86.Build.0 = Release|Any CPU
		{E10B9B93-13C0-42FC-AE9B-C419F527F592}.Debug|Any CPU.ActiveCfg = Debug|Any CPU
		{E10B9B93-13C0-42FC-AE9B-C419F527F592}.Debug|Any CPU.Build.0 = Debug|Any CPU
		{E10B9B93-13C0-42FC-AE9B-C419F527F592}.Debug|x64.ActiveCfg = Debug|Any CPU
		{E10B9B93-13C0-42FC-AE9B-C419F527F592}.Debug|x64.Build.0 = Debug|Any CPU
		{E10B9B93-13C0-42FC-AE9B-C419F527F592}.Debug|x86.ActiveCfg = Debug|Any CPU
		{E10B9B93-13C0-42FC-AE9B-C419F527F592}.Debug|x86.Build.0 = Debug|Any CPU
		{E10B9B93-13C0-42FC-AE9B-C419F527F592}.Release|Any CPU.ActiveCfg = Release|Any CPU
		{E10B9B93-13C0-42FC-AE9B-C419F527F592}.Release|Any CPU.Build.0 = Release|Any CPU
		{E10B9B93-13C0-42FC-AE9B-C419F527F592}.Release|x64.ActiveCfg = Release|Any CPU
		{E10B9B93-13C0-42FC-AE9B-C419F527F592}.Release|x64.Build.0 = Release|Any CPU
		{E10B9B93-13C0-42FC-AE9B-C419F527F592}.Release|x86.ActiveCfg = Release|Any CPU
		{E10B9B93-13C0-42FC-AE9B-C419F527F592}.Release|x86.Build.0 = Release|Any CPU
		{CA0DCBF7-39A0-4435-A840-7D0727D344D1}.Debug|Any CPU.ActiveCfg = Debug|Any CPU
		{CA0DCBF7-39A0-4435-A840-7D0727D344D1}.Debug|Any CPU.Build.0 = Debug|Any CPU
		{CA0DCBF7-39A0-4435-A840-7D0727D344D1}.Debug|x64.ActiveCfg = Debug|Any CPU
		{CA0DCBF7-39A0-4435-A840-7D0727D344D1}.Debug|x64.Build.0 = Debug|Any CPU
		{CA0DCBF7-39A0-4435-A840-7D0727D344D1}.Debug|x86.ActiveCfg = Debug|Any CPU
		{CA0DCBF7-39A0-4435-A840-7D0727D344D1}.Debug|x86.Build.0 = Debug|Any CPU
		{CA0DCBF7-39A0-4435-A840-7D0727D344D1}.Release|Any CPU.ActiveCfg = Release|Any CPU
		{CA0DCBF7-39A0-4435-A840-7D0727D344D1}.Release|Any CPU.Build.0 = Release|Any CPU
		{CA0DCBF7-39A0-4435-A840-7D0727D344D1}.Release|x64.ActiveCfg = Release|Any CPU
		{CA0DCBF7-39A0-4435-A840-7D0727D344D1}.Release|x64.Build.0 = Release|Any CPU
		{CA0DCBF7-39A0-4435-A840-7D0727D344D1}.Release|x86.ActiveCfg = Release|Any CPU
		{CA0DCBF7-39A0-4435-A840-7D0727D344D1}.Release|x86.Build.0 = Release|Any CPU
		{90C8EBFB-E1C6-430C-A454-ECB978DD6DF9}.Debug|Any CPU.ActiveCfg = Debug|Any CPU
		{90C8EBFB-E1C6-430C-A454-ECB978DD6DF9}.Debug|Any CPU.Build.0 = Debug|Any CPU
		{90C8EBFB-E1C6-430C-A454-ECB978DD6DF9}.Debug|x64.ActiveCfg = Debug|Any CPU
		{90C8EBFB-E1C6-430C-A454-ECB978DD6DF9}.Debug|x64.Build.0 = Debug|Any CPU
		{90C8EBFB-E1C6-430C-A454-ECB978DD6DF9}.Debug|x86.ActiveCfg = Debug|Any CPU
		{90C8EBFB-E1C6-430C-A454-ECB978DD6DF9}.Debug|x86.Build.0 = Debug|Any CPU
		{90C8EBFB-E1C6-430C-A454-ECB978DD6DF9}.Release|Any CPU.ActiveCfg = Release|Any CPU
		{90C8EBFB-E1C6-430C-A454-ECB978DD6DF9}.Release|Any CPU.Build.0 = Release|Any CPU
		{90C8EBFB-E1C6-430C-A454-ECB978DD6DF9}.Release|x64.ActiveCfg = Release|Any CPU
		{90C8EBFB-E1C6-430C-A454-ECB978DD6DF9}.Release|x64.Build.0 = Release|Any CPU
		{90C8EBFB-E1C6-430C-A454-ECB978DD6DF9}.Release|x86.ActiveCfg = Release|Any CPU
		{90C8EBFB-E1C6-430C-A454-ECB978DD6DF9}.Release|x86.Build.0 = Release|Any CPU
		{779CA7E3-F9E1-49A6-8AEB-AAD131A363AE}.Debug|Any CPU.ActiveCfg = Debug|Any CPU
		{779CA7E3-F9E1-49A6-8AEB-AAD131A363AE}.Debug|Any CPU.Build.0 = Debug|Any CPU
		{779CA7E3-F9E1-49A6-8AEB-AAD131A363AE}.Debug|x64.ActiveCfg = Debug|Any CPU
		{779CA7E3-F9E1-49A6-8AEB-AAD131A363AE}.Debug|x64.Build.0 = Debug|Any CPU
		{779CA7E3-F9E1-49A6-8AEB-AAD131A363AE}.Debug|x86.ActiveCfg = Debug|Any CPU
		{779CA7E3-F9E1-49A6-8AEB-AAD131A363AE}.Debug|x86.Build.0 = Debug|Any CPU
		{779CA7E3-F9E1-49A6-8AEB-AAD131A363AE}.Release|Any CPU.ActiveCfg = Release|Any CPU
		{779CA7E3-F9E1-49A6-8AEB-AAD131A363AE}.Release|Any CPU.Build.0 = Release|Any CPU
		{779CA7E3-F9E1-49A6-8AEB-AAD131A363AE}.Release|x64.ActiveCfg = Release|Any CPU
		{779CA7E3-F9E1-49A6-8AEB-AAD131A363AE}.Release|x64.Build.0 = Release|Any CPU
		{779CA7E3-F9E1-49A6-8AEB-AAD131A363AE}.Release|x86.ActiveCfg = Release|Any CPU
		{779CA7E3-F9E1-49A6-8AEB-AAD131A363AE}.Release|x86.Build.0 = Release|Any CPU
		{78BD3E14-3BBB-440A-A10B-C457780DA19D}.Debug|Any CPU.ActiveCfg = Debug|Any CPU
		{78BD3E14-3BBB-440A-A10B-C457780DA19D}.Debug|Any CPU.Build.0 = Debug|Any CPU
		{78BD3E14-3BBB-440A-A10B-C457780DA19D}.Debug|x64.ActiveCfg = Debug|Any CPU
		{78BD3E14-3BBB-440A-A10B-C457780DA19D}.Debug|x64.Build.0 = Debug|Any CPU
		{78BD3E14-3BBB-440A-A10B-C457780DA19D}.Debug|x86.ActiveCfg = Debug|Any CPU
		{78BD3E14-3BBB-440A-A10B-C457780DA19D}.Debug|x86.Build.0 = Debug|Any CPU
		{78BD3E14-3BBB-440A-A10B-C457780DA19D}.Release|Any CPU.ActiveCfg = Release|Any CPU
		{78BD3E14-3BBB-440A-A10B-C457780DA19D}.Release|Any CPU.Build.0 = Release|Any CPU
		{78BD3E14-3BBB-440A-A10B-C457780DA19D}.Release|x64.ActiveCfg = Release|Any CPU
		{78BD3E14-3BBB-440A-A10B-C457780DA19D}.Release|x64.Build.0 = Release|Any CPU
		{78BD3E14-3BBB-440A-A10B-C457780DA19D}.Release|x86.ActiveCfg = Release|Any CPU
		{78BD3E14-3BBB-440A-A10B-C457780DA19D}.Release|x86.Build.0 = Release|Any CPU
	EndGlobalSection
	GlobalSection(SolutionProperties) = preSolution
		HideSolutionNode = FALSE
	EndGlobalSection
	GlobalSection(ExtensibilityGlobals) = postSolution
		SolutionGuid = {C2ADBD2E-964C-4BE6-A770-7C1332BB9AD1}
	EndGlobalSection
EndGlobal
