
Microsoft Visual Studio Solution File, Format Version 12.00
# Visual Studio 15
VisualStudioVersion = 15.0.26430.16
MinimumVisualStudioVersion = 10.0.40219.1
Project("{FAE04EC0-301F-11D3-BF4B-00C04F79EFBC}") = "Star Square", "Drawing with Loops\Star Square.csproj", "{2092FBA0-A71F-4F3A-96E9-F57C9D4CE0F2}"
EndProject
Project("{FAE04EC0-301F-11D3-BF4B-00C04F79EFBC}") = "Triangle of dollars", "Triangle of dollars\Triangle of dollars.csproj", "{2A4EB369-93F4-4859-AD62-5A4E012070A3}"
EndProject
Project("{FAE04EC0-301F-11D3-BF4B-00C04F79EFBC}") = "Square Frame", "Square Frame\Square Frame.csproj", "{5E2212E2-708B-45AF-B297-27F78907E4FA}"
EndProject
Project("{FAE04EC0-301F-11D3-BF4B-00C04F79EFBC}") = "Rhomb with stars", "Rhomb with stars\Rhomb with stars.csproj", "{2657FCA0-93B3-47A6-94A5-DF7798C939DF}"
EndProject
Project("{FAE04EC0-301F-11D3-BF4B-00C04F79EFBC}") = "Christmas tree", "Christmas tree\Christmas tree.csproj", "{E8B472C1-0DFE-4837-894E-EF4EFDE02AD7}"
EndProject
Project("{FAE04EC0-301F-11D3-BF4B-00C04F79EFBC}") = "Sunglasses", "Sunglasses\Sunglasses.csproj", "{5ABA8CFF-5E2C-4F61-8290-958058BC3C96}"
EndProject
Project("{FAE04EC0-301F-11D3-BF4B-00C04F79EFBC}") = "Diamond", "Diamond\Diamond.csproj", "{3D1A619F-32DB-4750-8102-B52F39D7210A}"
EndProject
Project("{FAE04EC0-301F-11D3-BF4B-00C04F79EFBC}") = "Fortres", "Fortres\Fortres.csproj", "{A463BBB5-F5F2-4F3C-9DBB-577CF1E3568D}"
EndProject
Project("{FAE04EC0-301F-11D3-BF4B-00C04F79EFBC}") = "Butterfly", "Butterfly\Butterfly.csproj", "{A31CA881-7B66-43D5-946D-DE513CFB7B3B}"
EndProject
Project("{FAE04EC0-301F-11D3-BF4B-00C04F79EFBC}") = "STOP", "STOP\STOP.csproj", "{DBF70D29-FBAC-42F4-B03C-04067EAC3878}"
EndProject
Project("{FAE04EC0-301F-11D3-BF4B-00C04F79EFBC}") = "tests", "tests\tests.csproj", "{DBF3059A-C10D-401A-8271-0A7BE4488D79}"
EndProject
Global
	GlobalSection(SolutionConfigurationPlatforms) = preSolution
		Debug|Any CPU = Debug|Any CPU
		Debug|x64 = Debug|x64
		Debug|x86 = Debug|x86
		Release|Any CPU = Release|Any CPU
		Release|x64 = Release|x64
		Release|x86 = Release|x86
	EndGlobalSection
	GlobalSection(ProjectConfigurationPlatforms) = postSolution
		{2092FBA0-A71F-4F3A-96E9-F57C9D4CE0F2}.Debug|Any CPU.ActiveCfg = Debug|Any CPU
		{2092FBA0-A71F-4F3A-96E9-F57C9D4CE0F2}.Debug|Any CPU.Build.0 = Debug|Any CPU
		{2092FBA0-A71F-4F3A-96E9-F57C9D4CE0F2}.Debug|x64.ActiveCfg = Debug|Any CPU
		{2092FBA0-A71F-4F3A-96E9-F57C9D4CE0F2}.Debug|x64.Build.0 = Debug|Any CPU
		{2092FBA0-A71F-4F3A-96E9-F57C9D4CE0F2}.Debug|x86.ActiveCfg = Debug|Any CPU
		{2092FBA0-A71F-4F3A-96E9-F57C9D4CE0F2}.Debug|x86.Build.0 = Debug|Any CPU
		{2092FBA0-A71F-4F3A-96E9-F57C9D4CE0F2}.Release|Any CPU.ActiveCfg = Release|Any CPU
		{2092FBA0-A71F-4F3A-96E9-F57C9D4CE0F2}.Release|Any CPU.Build.0 = Release|Any CPU
		{2092FBA0-A71F-4F3A-96E9-F57C9D4CE0F2}.Release|x64.ActiveCfg = Release|Any CPU
		{2092FBA0-A71F-4F3A-96E9-F57C9D4CE0F2}.Release|x64.Build.0 = Release|Any CPU
		{2092FBA0-A71F-4F3A-96E9-F57C9D4CE0F2}.Release|x86.ActiveCfg = Release|Any CPU
		{2092FBA0-A71F-4F3A-96E9-F57C9D4CE0F2}.Release|x86.Build.0 = Release|Any CPU
		{2A4EB369-93F4-4859-AD62-5A4E012070A3}.Debug|Any CPU.ActiveCfg = Debug|Any CPU
		{2A4EB369-93F4-4859-AD62-5A4E012070A3}.Debug|Any CPU.Build.0 = Debug|Any CPU
		{2A4EB369-93F4-4859-AD62-5A4E012070A3}.Debug|x64.ActiveCfg = Debug|Any CPU
		{2A4EB369-93F4-4859-AD62-5A4E012070A3}.Debug|x64.Build.0 = Debug|Any CPU
		{2A4EB369-93F4-4859-AD62-5A4E012070A3}.Debug|x86.ActiveCfg = Debug|Any CPU
		{2A4EB369-93F4-4859-AD62-5A4E012070A3}.Debug|x86.Build.0 = Debug|Any CPU
		{2A4EB369-93F4-4859-AD62-5A4E012070A3}.Release|Any CPU.ActiveCfg = Release|Any CPU
		{2A4EB369-93F4-4859-AD62-5A4E012070A3}.Release|Any CPU.Build.0 = Release|Any CPU
		{2A4EB369-93F4-4859-AD62-5A4E012070A3}.Release|x64.ActiveCfg = Release|Any CPU
		{2A4EB369-93F4-4859-AD62-5A4E012070A3}.Release|x64.Build.0 = Release|Any CPU
		{2A4EB369-93F4-4859-AD62-5A4E012070A3}.Release|x86.ActiveCfg = Release|Any CPU
		{2A4EB369-93F4-4859-AD62-5A4E012070A3}.Release|x86.Build.0 = Release|Any CPU
		{5E2212E2-708B-45AF-B297-27F78907E4FA}.Debug|Any CPU.ActiveCfg = Debug|Any CPU
		{5E2212E2-708B-45AF-B297-27F78907E4FA}.Debug|Any CPU.Build.0 = Debug|Any CPU
		{5E2212E2-708B-45AF-B297-27F78907E4FA}.Debug|x64.ActiveCfg = Debug|Any CPU
		{5E2212E2-708B-45AF-B297-27F78907E4FA}.Debug|x64.Build.0 = Debug|Any CPU
		{5E2212E2-708B-45AF-B297-27F78907E4FA}.Debug|x86.ActiveCfg = Debug|Any CPU
		{5E2212E2-708B-45AF-B297-27F78907E4FA}.Debug|x86.Build.0 = Debug|Any CPU
		{5E2212E2-708B-45AF-B297-27F78907E4FA}.Release|Any CPU.ActiveCfg = Release|Any CPU
		{5E2212E2-708B-45AF-B297-27F78907E4FA}.Release|Any CPU.Build.0 = Release|Any CPU
		{5E2212E2-708B-45AF-B297-27F78907E4FA}.Release|x64.ActiveCfg = Release|Any CPU
		{5E2212E2-708B-45AF-B297-27F78907E4FA}.Release|x64.Build.0 = Release|Any CPU
		{5E2212E2-708B-45AF-B297-27F78907E4FA}.Release|x86.ActiveCfg = Release|Any CPU
		{5E2212E2-708B-45AF-B297-27F78907E4FA}.Release|x86.Build.0 = Release|Any CPU
		{2657FCA0-93B3-47A6-94A5-DF7798C939DF}.Debug|Any CPU.ActiveCfg = Debug|Any CPU
		{2657FCA0-93B3-47A6-94A5-DF7798C939DF}.Debug|Any CPU.Build.0 = Debug|Any CPU
		{2657FCA0-93B3-47A6-94A5-DF7798C939DF}.Debug|x64.ActiveCfg = Debug|Any CPU
		{2657FCA0-93B3-47A6-94A5-DF7798C939DF}.Debug|x64.Build.0 = Debug|Any CPU
		{2657FCA0-93B3-47A6-94A5-DF7798C939DF}.Debug|x86.ActiveCfg = Debug|Any CPU
		{2657FCA0-93B3-47A6-94A5-DF7798C939DF}.Debug|x86.Build.0 = Debug|Any CPU
		{2657FCA0-93B3-47A6-94A5-DF7798C939DF}.Release|Any CPU.ActiveCfg = Release|Any CPU
		{2657FCA0-93B3-47A6-94A5-DF7798C939DF}.Release|Any CPU.Build.0 = Release|Any CPU
		{2657FCA0-93B3-47A6-94A5-DF7798C939DF}.Release|x64.ActiveCfg = Release|Any CPU
		{2657FCA0-93B3-47A6-94A5-DF7798C939DF}.Release|x64.Build.0 = Release|Any CPU
		{2657FCA0-93B3-47A6-94A5-DF7798C939DF}.Release|x86.ActiveCfg = Release|Any CPU
		{2657FCA0-93B3-47A6-94A5-DF7798C939DF}.Release|x86.Build.0 = Release|Any CPU
		{E8B472C1-0DFE-4837-894E-EF4EFDE02AD7}.Debug|Any CPU.ActiveCfg = Debug|Any CPU
		{E8B472C1-0DFE-4837-894E-EF4EFDE02AD7}.Debug|Any CPU.Build.0 = Debug|Any CPU
		{E8B472C1-0DFE-4837-894E-EF4EFDE02AD7}.Debug|x64.ActiveCfg = Debug|Any CPU
		{E8B472C1-0DFE-4837-894E-EF4EFDE02AD7}.Debug|x64.Build.0 = Debug|Any CPU
		{E8B472C1-0DFE-4837-894E-EF4EFDE02AD7}.Debug|x86.ActiveCfg = Debug|Any CPU
		{E8B472C1-0DFE-4837-894E-EF4EFDE02AD7}.Debug|x86.Build.0 = Debug|Any CPU
		{E8B472C1-0DFE-4837-894E-EF4EFDE02AD7}.Release|Any CPU.ActiveCfg = Release|Any CPU
		{E8B472C1-0DFE-4837-894E-EF4EFDE02AD7}.Release|Any CPU.Build.0 = Release|Any CPU
		{E8B472C1-0DFE-4837-894E-EF4EFDE02AD7}.Release|x64.ActiveCfg = Release|Any CPU
		{E8B472C1-0DFE-4837-894E-EF4EFDE02AD7}.Release|x64.Build.0 = Release|Any CPU
		{E8B472C1-0DFE-4837-894E-EF4EFDE02AD7}.Release|x86.ActiveCfg = Release|Any CPU
		{E8B472C1-0DFE-4837-894E-EF4EFDE02AD7}.Release|x86.Build.0 = Release|Any CPU
		{5ABA8CFF-5E2C-4F61-8290-958058BC3C96}.Debug|Any CPU.ActiveCfg = Debug|Any CPU
		{5ABA8CFF-5E2C-4F61-8290-958058BC3C96}.Debug|Any CPU.Build.0 = Debug|Any CPU
		{5ABA8CFF-5E2C-4F61-8290-958058BC3C96}.Debug|x64.ActiveCfg = Debug|Any CPU
		{5ABA8CFF-5E2C-4F61-8290-958058BC3C96}.Debug|x64.Build.0 = Debug|Any CPU
		{5ABA8CFF-5E2C-4F61-8290-958058BC3C96}.Debug|x86.ActiveCfg = Debug|Any CPU
		{5ABA8CFF-5E2C-4F61-8290-958058BC3C96}.Debug|x86.Build.0 = Debug|Any CPU
		{5ABA8CFF-5E2C-4F61-8290-958058BC3C96}.Release|Any CPU.ActiveCfg = Release|Any CPU
		{5ABA8CFF-5E2C-4F61-8290-958058BC3C96}.Release|Any CPU.Build.0 = Release|Any CPU
		{5ABA8CFF-5E2C-4F61-8290-958058BC3C96}.Release|x64.ActiveCfg = Release|Any CPU
		{5ABA8CFF-5E2C-4F61-8290-958058BC3C96}.Release|x64.Build.0 = Release|Any CPU
		{5ABA8CFF-5E2C-4F61-8290-958058BC3C96}.Release|x86.ActiveCfg = Release|Any CPU
		{5ABA8CFF-5E2C-4F61-8290-958058BC3C96}.Release|x86.Build.0 = Release|Any CPU
		{3D1A619F-32DB-4750-8102-B52F39D7210A}.Debug|Any CPU.ActiveCfg = Debug|Any CPU
		{3D1A619F-32DB-4750-8102-B52F39D7210A}.Debug|Any CPU.Build.0 = Debug|Any CPU
		{3D1A619F-32DB-4750-8102-B52F39D7210A}.Debug|x64.ActiveCfg = Debug|Any CPU
		{3D1A619F-32DB-4750-8102-B52F39D7210A}.Debug|x64.Build.0 = Debug|Any CPU
		{3D1A619F-32DB-4750-8102-B52F39D7210A}.Debug|x86.ActiveCfg = Debug|Any CPU
		{3D1A619F-32DB-4750-8102-B52F39D7210A}.Debug|x86.Build.0 = Debug|Any CPU
		{3D1A619F-32DB-4750-8102-B52F39D7210A}.Release|Any CPU.ActiveCfg = Release|Any CPU
		{3D1A619F-32DB-4750-8102-B52F39D7210A}.Release|Any CPU.Build.0 = Release|Any CPU
		{3D1A619F-32DB-4750-8102-B52F39D7210A}.Release|x64.ActiveCfg = Release|Any CPU
		{3D1A619F-32DB-4750-8102-B52F39D7210A}.Release|x64.Build.0 = Release|Any CPU
		{3D1A619F-32DB-4750-8102-B52F39D7210A}.Release|x86.ActiveCfg = Release|Any CPU
		{3D1A619F-32DB-4750-8102-B52F39D7210A}.Release|x86.Build.0 = Release|Any CPU
		{A463BBB5-F5F2-4F3C-9DBB-577CF1E3568D}.Debug|Any CPU.ActiveCfg = Debug|Any CPU
		{A463BBB5-F5F2-4F3C-9DBB-577CF1E3568D}.Debug|Any CPU.Build.0 = Debug|Any CPU
		{A463BBB5-F5F2-4F3C-9DBB-577CF1E3568D}.Debug|x64.ActiveCfg = Debug|Any CPU
		{A463BBB5-F5F2-4F3C-9DBB-577CF1E3568D}.Debug|x64.Build.0 = Debug|Any CPU
		{A463BBB5-F5F2-4F3C-9DBB-577CF1E3568D}.Debug|x86.ActiveCfg = Debug|Any CPU
		{A463BBB5-F5F2-4F3C-9DBB-577CF1E3568D}.Debug|x86.Build.0 = Debug|Any CPU
		{A463BBB5-F5F2-4F3C-9DBB-577CF1E3568D}.Release|Any CPU.ActiveCfg = Release|Any CPU
		{A463BBB5-F5F2-4F3C-9DBB-577CF1E3568D}.Release|Any CPU.Build.0 = Release|Any CPU
		{A463BBB5-F5F2-4F3C-9DBB-577CF1E3568D}.Release|x64.ActiveCfg = Release|Any CPU
		{A463BBB5-F5F2-4F3C-9DBB-577CF1E3568D}.Release|x64.Build.0 = Release|Any CPU
		{A463BBB5-F5F2-4F3C-9DBB-577CF1E3568D}.Release|x86.ActiveCfg = Release|Any CPU
		{A463BBB5-F5F2-4F3C-9DBB-577CF1E3568D}.Release|x86.Build.0 = Release|Any CPU
		{A31CA881-7B66-43D5-946D-DE513CFB7B3B}.Debug|Any CPU.ActiveCfg = Debug|Any CPU
		{A31CA881-7B66-43D5-946D-DE513CFB7B3B}.Debug|Any CPU.Build.0 = Debug|Any CPU
		{A31CA881-7B66-43D5-946D-DE513CFB7B3B}.Debug|x64.ActiveCfg = Debug|Any CPU
		{A31CA881-7B66-43D5-946D-DE513CFB7B3B}.Debug|x64.Build.0 = Debug|Any CPU
		{A31CA881-7B66-43D5-946D-DE513CFB7B3B}.Debug|x86.ActiveCfg = Debug|Any CPU
		{A31CA881-7B66-43D5-946D-DE513CFB7B3B}.Debug|x86.Build.0 = Debug|Any CPU
		{A31CA881-7B66-43D5-946D-DE513CFB7B3B}.Release|Any CPU.ActiveCfg = Release|Any CPU
		{A31CA881-7B66-43D5-946D-DE513CFB7B3B}.Release|Any CPU.Build.0 = Release|Any CPU
		{A31CA881-7B66-43D5-946D-DE513CFB7B3B}.Release|x64.ActiveCfg = Release|Any CPU
		{A31CA881-7B66-43D5-946D-DE513CFB7B3B}.Release|x64.Build.0 = Release|Any CPU
		{A31CA881-7B66-43D5-946D-DE513CFB7B3B}.Release|x86.ActiveCfg = Release|Any CPU
		{A31CA881-7B66-43D5-946D-DE513CFB7B3B}.Release|x86.Build.0 = Release|Any CPU
		{DBF70D29-FBAC-42F4-B03C-04067EAC3878}.Debug|Any CPU.ActiveCfg = Debug|Any CPU
		{DBF70D29-FBAC-42F4-B03C-04067EAC3878}.Debug|Any CPU.Build.0 = Debug|Any CPU
		{DBF70D29-FBAC-42F4-B03C-04067EAC3878}.Debug|x64.ActiveCfg = Debug|Any CPU
		{DBF70D29-FBAC-42F4-B03C-04067EAC3878}.Debug|x64.Build.0 = Debug|Any CPU
		{DBF70D29-FBAC-42F4-B03C-04067EAC3878}.Debug|x86.ActiveCfg = Debug|Any CPU
		{DBF70D29-FBAC-42F4-B03C-04067EAC3878}.Debug|x86.Build.0 = Debug|Any CPU
		{DBF70D29-FBAC-42F4-B03C-04067EAC3878}.Release|Any CPU.ActiveCfg = Release|Any CPU
		{DBF70D29-FBAC-42F4-B03C-04067EAC3878}.Release|Any CPU.Build.0 = Release|Any CPU
		{DBF70D29-FBAC-42F4-B03C-04067EAC3878}.Release|x64.ActiveCfg = Release|Any CPU
		{DBF70D29-FBAC-42F4-B03C-04067EAC3878}.Release|x64.Build.0 = Release|Any CPU
		{DBF70D29-FBAC-42F4-B03C-04067EAC3878}.Release|x86.ActiveCfg = Release|Any CPU
		{DBF70D29-FBAC-42F4-B03C-04067EAC3878}.Release|x86.Build.0 = Release|Any CPU
		{DBF3059A-C10D-401A-8271-0A7BE4488D79}.Debug|Any CPU.ActiveCfg = Debug|Any CPU
		{DBF3059A-C10D-401A-8271-0A7BE4488D79}.Debug|Any CPU.Build.0 = Debug|Any CPU
		{DBF3059A-C10D-401A-8271-0A7BE4488D79}.Debug|x64.ActiveCfg = Debug|Any CPU
		{DBF3059A-C10D-401A-8271-0A7BE4488D79}.Debug|x64.Build.0 = Debug|Any CPU
		{DBF3059A-C10D-401A-8271-0A7BE4488D79}.Debug|x86.ActiveCfg = Debug|Any CPU
		{DBF3059A-C10D-401A-8271-0A7BE4488D79}.Debug|x86.Build.0 = Debug|Any CPU
		{DBF3059A-C10D-401A-8271-0A7BE4488D79}.Release|Any CPU.ActiveCfg = Release|Any CPU
		{DBF3059A-C10D-401A-8271-0A7BE4488D79}.Release|Any CPU.Build.0 = Release|Any CPU
		{DBF3059A-C10D-401A-8271-0A7BE4488D79}.Release|x64.ActiveCfg = Release|Any CPU
		{DBF3059A-C10D-401A-8271-0A7BE4488D79}.Release|x64.Build.0 = Release|Any CPU
		{DBF3059A-C10D-401A-8271-0A7BE4488D79}.Release|x86.ActiveCfg = Release|Any CPU
		{DBF3059A-C10D-401A-8271-0A7BE4488D79}.Release|x86.Build.0 = Release|Any CPU
	EndGlobalSection
	GlobalSection(SolutionProperties) = preSolution
		HideSolutionNode = FALSE
	EndGlobalSection
EndGlobal
