
Microsoft Visual Studio Solution File, Format Version 12.00
# Visual Studio 15
VisualStudioVersion = 15.0.27428.2005
MinimumVisualStudioVersion = 10.0.40219.1
Project("{FAE04EC0-301F-11D3-BF4B-00C04F79EFBC}") = "CollectedOrders", "CollectedOrders\CollectedOrders.csproj", "{594200F6-DBDA-4FDC-88D3-14687A3C05FC}"
EndProject
Global
	GlobalSection(SolutionConfigurationPlatforms) = preSolution
		Debug|Any CPU = Debug|Any CPU
		Release|Any CPU = Release|Any CPU
	EndGlobalSection
	GlobalSection(ProjectConfigurationPlatforms) = postSolution
		{594200F6-DBDA-4FDC-88D3-14687A3C05FC}.Debug|Any CPU.ActiveCfg = Debug|Any CPU
		{594200F6-DBDA-4FDC-88D3-14687A3C05FC}.Debug|Any CPU.Build.0 = Debug|Any CPU
		{594200F6-DBDA-4FDC-88D3-14687A3C05FC}.Release|Any CPU.ActiveCfg = Release|Any CPU
		{594200F6-DBDA-4FDC-88D3-14687A3C05FC}.Release|Any CPU.Build.0 = Release|Any CPU
	EndGlobalSection
	GlobalSection(SolutionProperties) = preSolution
		HideSolutionNode = FALSE
	EndGlobalSection
	GlobalSection(ExtensibilityGlobals) = postSolution
		SolutionGuid = {42852BC6-931D-467C-B679-F3DBCB423ADF}
	EndGlobalSection
EndGlobal
