
Microsoft Visual Studio Solution File, Format Version 10.00
# Visual Studio 2008
Project("{FAE04EC0-301F-11D3-BF4B-00C04F79EFBC}") = "DocumentFormat.OpenXml.Extensions", "DocumentFormat.OpenXml.Extensions.csproj", "{5887DF26-FB06-48C6-B55E-B48631428B55}"
EndProject
Project("{2150E333-8FDC-42A3-9474-1A3956D46DE8}") = "Solution Items", "Solution Items", "{5A0BAEF9-1A75-446F-AD7E-7C922467C559}"
EndProject
Project("{FAE04EC0-301F-11D3-BF4B-00C04F79EFBC}") = "DocumentFormat.OpenXml.Extensions.Testing", "..\DocumentFormat.OpenXml.Extensions.Testing\DocumentFormat.OpenXml.Extensions.Testing.csproj", "{C9342C52-1A38-4909-9CB0-48CD01DA5768}"
EndProject
Project("{FAE04EC0-301F-11D3-BF4B-00C04F79EFBC}") = "DocumentFormat.OpenXml.Extensions.Examples", "..\Tutorial\DocumentFormat.OpenXml.Extensions.Examples\DocumentFormat.OpenXml.Extensions.Examples.csproj", "{64212660-0FAE-41AA-93E5-B4B2995F8F04}"
EndProject
Global
	GlobalSection(SolutionConfigurationPlatforms) = preSolution
		Debug|Any CPU = Debug|Any CPU
		Release|Any CPU = Release|Any CPU
	EndGlobalSection
	GlobalSection(ProjectConfigurationPlatforms) = postSolution
		{5887DF26-FB06-48C6-B55E-B48631428B55}.Debug|Any CPU.ActiveCfg = Debug|Any CPU
		{5887DF26-FB06-48C6-B55E-B48631428B55}.Debug|Any CPU.Build.0 = Debug|Any CPU
		{5887DF26-FB06-48C6-B55E-B48631428B55}.Release|Any CPU.ActiveCfg = Release|Any CPU
		{5887DF26-FB06-48C6-B55E-B48631428B55}.Release|Any CPU.Build.0 = Release|Any CPU
		{C9342C52-1A38-4909-9CB0-48CD01DA5768}.Debug|Any CPU.ActiveCfg = Debug|Any CPU
		{C9342C52-1A38-4909-9CB0-48CD01DA5768}.Debug|Any CPU.Build.0 = Debug|Any CPU
		{C9342C52-1A38-4909-9CB0-48CD01DA5768}.Release|Any CPU.ActiveCfg = Release|Any CPU
		{C9342C52-1A38-4909-9CB0-48CD01DA5768}.Release|Any CPU.Build.0 = Release|Any CPU
		{64212660-0FAE-41AA-93E5-B4B2995F8F04}.Debug|Any CPU.ActiveCfg = Debug|Any CPU
		{64212660-0FAE-41AA-93E5-B4B2995F8F04}.Debug|Any CPU.Build.0 = Debug|Any CPU
		{64212660-0FAE-41AA-93E5-B4B2995F8F04}.Release|Any CPU.ActiveCfg = Release|Any CPU
		{64212660-0FAE-41AA-93E5-B4B2995F8F04}.Release|Any CPU.Build.0 = Release|Any CPU
	EndGlobalSection
	GlobalSection(SolutionProperties) = preSolution
		HideSolutionNode = FALSE
	EndGlobalSection
EndGlobal
